PODS:
  - React (0.28.0):
    - React/Core (= 0.28.0)
  - React/Core (0.28.0)
  - React/RCTImage (0.28.0):
    - React/Core
    - React/RCTNetwork
  - React/RCTNetwork (0.28.0):
    - React/Core
  - React/RCTText (0.28.0):
    - React/Core
  - React/RCTWebSocket (0.28.0):
    - React/Core
  - RNVectorIcons (2.0.3):
    - React

DEPENDENCIES:
  - React/Core (from `./node_modules/react-native`)
  - React/RCTImage (from `./node_modules/react-native`)
  - React/RCTNetwork (from `./node_modules/react-native`)
  - React/RCTText (from `./node_modules/react-native`)
  - React/RCTWebSocket (from `./node_modules/react-native`)
  - RNVectorIcons (from `node_modules/react-native-vector-icons`)

EXTERNAL SOURCES:
  React:
    :path: ./node_modules/react-native
  RNVectorIcons:
    :path: node_modules/react-native-vector-icons

SPEC CHECKSUMS:
  React: 43544faed4af6a0e8fbc4b3abd26141ed654fa49
  RNVectorIcons: 39a5d8b29e83a462cd8d16185144d308edc9273f

PODFILE CHECKSUM: 0d7b015be0ee1aa7718da92287587e15fa56192d

COCOAPODS: 1.0.1
